
Microsoft Visual Studio Solution File, Format Version 12.00
# Visual Studio Version 16
VisualStudioVersion = 16.0.28803.202
MinimumVisualStudioVersion = 10.0.40219.1
Project("{FAE04EC0-301F-11D3-BF4B-00C04F79EFBC}") = "FormalLogic", "Presentation_Layer\FormalLogic.csproj", "{FB12FB48-40F8-4951-946F-C8CAACD27DC8}"
EndProject
Global
	GlobalSection(SolutionConfigurationPlatforms) = preSolution
		Debug|Any CPU = Debug|Any CPU
		Release|Any CPU = Release|Any CPU
	EndGlobalSection
	GlobalSection(ProjectConfigurationPlatforms) = postSolution
		{FB12FB48-40F8-4951-946F-C8CAACD27DC8}.Debug|Any CPU.ActiveCfg = Debug|Any CPU
		{FB12FB48-40F8-4951-946F-C8CAACD27DC8}.Debug|Any CPU.Build.0 = Debug|Any CPU
		{FB12FB48-40F8-4951-946F-C8CAACD27DC8}.Release|Any CPU.ActiveCfg = Release|Any CPU
		{FB12FB48-40F8-4951-946F-C8CAACD27DC8}.Release|Any CPU.Build.0 = Release|Any CPU
	EndGlobalSection
	GlobalSection(SolutionProperties) = preSolution
		HideSolutionNode = FALSE
	EndGlobalSection
	GlobalSection(ExtensibilityGlobals) = postSolution
		SolutionGuid = {BB8CDB4D-D69F-4A58-9D5C-57E2DDCAE6BA}
	EndGlobalSection
EndGlobal
